
Microsoft Visual Studio Solution File, Format Version 12.00
# Visual Studio Version 17
VisualStudioVersion = 17.13.35806.99 d17.13
MinimumVisualStudioVersion = 10.0.40219.1
Project("{FAE04EC0-301F-11D3-BF4B-00C04F79EFBC}") = "eCommerce.Api", "eCommerce.Api\eCommerce.Api.csproj", "{1B807A61-CF3C-4CEC-8E20-3834B792731F}"
EndProject
Project("{FAE04EC0-301F-11D3-BF4B-00C04F79EFBC}") = "eCommerce.Products.Application", "eCommerce.Products.Application\eCommerce.Products.Application.csproj", "{695B3A8D-6779-43F3-B130-735F9FEDB1BE}"
EndProject
Project("{FAE04EC0-301F-11D3-BF4B-00C04F79EFBC}") = "eCommerce.Products.Domain", "eCommerce.Products.Domain\eCommerce.Products.Domain.csproj", "{D29FB3A4-524A-4144-8CEF-63F58A126B72}"
EndProject
Project("{FAE04EC0-301F-11D3-BF4B-00C04F79EFBC}") = "eCommerce.Products.Infrastructure", "eCommerce.Products.Infrastructure\eCommerce.Products.Infrastructure.csproj", "{DE1D71A3-A8E9-4660-B850-48F63FC57E98}"
EndProject
Project("{2150E333-8FDC-42A3-9474-1A3956D46DE8}") = "Tests", "Tests", "{02EA681E-C7D8-13C7-8484-4AC65E1B71E8}"
EndProject
Project("{2150E333-8FDC-42A3-9474-1A3956D46DE8}") = "Src", "Src", "{C3DBB633-8827-4FEB-B0A5-C0115C9F3F5E}"
EndProject
Project("{FAE04EC0-301F-11D3-BF4B-00C04F79EFBC}") = "eCommerce.Products.UnitTests", "eCommerce.Products.Tests\eCommerce.Products.UnitTests\eCommerce.Products.UnitTests.csproj", "{4EAEDA2D-A2AA-4318-9F9E-36B4BF91A8C0}"
EndProject
Project("{FAE04EC0-301F-11D3-BF4B-00C04F79EFBC}") = "eCommerce.Products.IntegrationTests", "eCommerce.Products.Tests\eCommerce.Products.IntegrationTests\eCommerce.Products.IntegrationTests.csproj", "{43AF88E0-092A-43C2-82F3-A7506FCF09FA}"
EndProject
Global
	GlobalSection(SolutionConfigurationPlatforms) = preSolution
		Debug|Any CPU = Debug|Any CPU
		Release|Any CPU = Release|Any CPU
	EndGlobalSection
	GlobalSection(ProjectConfigurationPlatforms) = postSolution
		{1B807A61-CF3C-4CEC-8E20-3834B792731F}.Debug|Any CPU.ActiveCfg = Debug|Any CPU
		{1B807A61-CF3C-4CEC-8E20-3834B792731F}.Debug|Any CPU.Build.0 = Debug|Any CPU
		{1B807A61-CF3C-4CEC-8E20-3834B792731F}.Release|Any CPU.ActiveCfg = Release|Any CPU
		{1B807A61-CF3C-4CEC-8E20-3834B792731F}.Release|Any CPU.Build.0 = Release|Any CPU
		{695B3A8D-6779-43F3-B130-735F9FEDB1BE}.Debug|Any CPU.ActiveCfg = Debug|Any CPU
		{695B3A8D-6779-43F3-B130-735F9FEDB1BE}.Debug|Any CPU.Build.0 = Debug|Any CPU
		{695B3A8D-6779-43F3-B130-735F9FEDB1BE}.Release|Any CPU.ActiveCfg = Release|Any CPU
		{695B3A8D-6779-43F3-B130-735F9FEDB1BE}.Release|Any CPU.Build.0 = Release|Any CPU
		{D29FB3A4-524A-4144-8CEF-63F58A126B72}.Debug|Any CPU.ActiveCfg = Debug|Any CPU
		{D29FB3A4-524A-4144-8CEF-63F58A126B72}.Debug|Any CPU.Build.0 = Debug|Any CPU
		{D29FB3A4-524A-4144-8CEF-63F58A126B72}.Release|Any CPU.ActiveCfg = Release|Any CPU
		{D29FB3A4-524A-4144-8CEF-63F58A126B72}.Release|Any CPU.Build.0 = Release|Any CPU
		{DE1D71A3-A8E9-4660-B850-48F63FC57E98}.Debug|Any CPU.ActiveCfg = Debug|Any CPU
		{DE1D71A3-A8E9-4660-B850-48F63FC57E98}.Debug|Any CPU.Build.0 = Debug|Any CPU
		{DE1D71A3-A8E9-4660-B850-48F63FC57E98}.Release|Any CPU.ActiveCfg = Release|Any CPU
		{DE1D71A3-A8E9-4660-B850-48F63FC57E98}.Release|Any CPU.Build.0 = Release|Any CPU
		{4EAEDA2D-A2AA-4318-9F9E-36B4BF91A8C0}.Debug|Any CPU.ActiveCfg = Debug|Any CPU
		{4EAEDA2D-A2AA-4318-9F9E-36B4BF91A8C0}.Debug|Any CPU.Build.0 = Debug|Any CPU
		{4EAEDA2D-A2AA-4318-9F9E-36B4BF91A8C0}.Release|Any CPU.ActiveCfg = Release|Any CPU
		{4EAEDA2D-A2AA-4318-9F9E-36B4BF91A8C0}.Release|Any CPU.Build.0 = Release|Any CPU
		{43AF88E0-092A-43C2-82F3-A7506FCF09FA}.Debug|Any CPU.ActiveCfg = Debug|Any CPU
		{43AF88E0-092A-43C2-82F3-A7506FCF09FA}.Debug|Any CPU.Build.0 = Debug|Any CPU
		{43AF88E0-092A-43C2-82F3-A7506FCF09FA}.Release|Any CPU.ActiveCfg = Release|Any CPU
		{43AF88E0-092A-43C2-82F3-A7506FCF09FA}.Release|Any CPU.Build.0 = Release|Any CPU
	EndGlobalSection
	GlobalSection(SolutionProperties) = preSolution
		HideSolutionNode = FALSE
	EndGlobalSection
	GlobalSection(NestedProjects) = preSolution
		{1B807A61-CF3C-4CEC-8E20-3834B792731F} = {C3DBB633-8827-4FEB-B0A5-C0115C9F3F5E}
		{695B3A8D-6779-43F3-B130-735F9FEDB1BE} = {C3DBB633-8827-4FEB-B0A5-C0115C9F3F5E}
		{D29FB3A4-524A-4144-8CEF-63F58A126B72} = {C3DBB633-8827-4FEB-B0A5-C0115C9F3F5E}
		{DE1D71A3-A8E9-4660-B850-48F63FC57E98} = {C3DBB633-8827-4FEB-B0A5-C0115C9F3F5E}
		{4EAEDA2D-A2AA-4318-9F9E-36B4BF91A8C0} = {02EA681E-C7D8-13C7-8484-4AC65E1B71E8}
		{43AF88E0-092A-43C2-82F3-A7506FCF09FA} = {02EA681E-C7D8-13C7-8484-4AC65E1B71E8}
	EndGlobalSection
	GlobalSection(ExtensibilityGlobals) = postSolution
		SolutionGuid = {B6A21B80-4AFE-4F38-A28B-A6B12360B323}
	EndGlobalSection
EndGlobal
