
Microsoft Visual Studio Solution File, Format Version 12.00
# Visual Studio Version 17
VisualStudioVersion = 17.13.35806.99 d17.13
MinimumVisualStudioVersion = 10.0.40219.1
Project("{FAE04EC0-301F-11D3-BF4B-00C04F79EFBC}") = "eCommerce.Products", "eCommerce.Products\eCommerce.Products.csproj", "{1B807A61-CF3C-4CEC-8E20-3834B792731F}"
EndProject
Global
	GlobalSection(SolutionConfigurationPlatforms) = preSolution
		Debug|Any CPU = Debug|Any CPU
		Release|Any CPU = Release|Any CPU
	EndGlobalSection
	GlobalSection(ProjectConfigurationPlatforms) = postSolution
		{1B807A61-CF3C-4CEC-8E20-3834B792731F}.Debug|Any CPU.ActiveCfg = Debug|Any CPU
		{1B807A61-CF3C-4CEC-8E20-3834B792731F}.Debug|Any CPU.Build.0 = Debug|Any CPU
		{1B807A61-CF3C-4CEC-8E20-3834B792731F}.Release|Any CPU.ActiveCfg = Release|Any CPU
		{1B807A61-CF3C-4CEC-8E20-3834B792731F}.Release|Any CPU.Build.0 = Release|Any CPU
	EndGlobalSection
	GlobalSection(SolutionProperties) = preSolution
		HideSolutionNode = FALSE
	EndGlobalSection
	GlobalSection(ExtensibilityGlobals) = postSolution
		SolutionGuid = {B6A21B80-4AFE-4F38-A28B-A6B12360B323}
	EndGlobalSection
EndGlobal
